{
  "name": "sveltejs-forms",
  "version": "0.0.0-semantically-released",
  "lockfileVersion": 1,
  "requires": true,
  "dependencies": {
    "@smui/common": {
      "version": "1.0.0-beta.21",
      "resolved": "https://registry.npmjs.org/@smui/common/-/common-1.0.0-beta.21.tgz",
      "integrity": "sha512-t063AKMVeKLl91C7HyMqWerrEMal1rIAHis6kH/HRWuqudLfQ2vrGCKq3SMLEL6t4OqgiXg122g0FDBk5t4M1A==",
      "dev": true,
      "requires": {
        "svelte": "^3.0"
      },
      "dependencies": {
        "svelte": {
          "version": "3.22.3",
          "resolved": "https://registry.npmjs.org/svelte/-/svelte-3.22.3.tgz",
          "integrity": "sha512-DumSy5eWPFPlMUGf3+eHyFSkt5yLqyAmMdCuXOE4qc5GtFyLxwTAGKZmgKmW2jmbpTTeFQ/fSQfDBQbl9Eo7yw==",
          "dev": true
        }
      }
    }
  }
}
